<?xml version="1.0" encoding="utf-8"?>
<Project ToolsVersion="4.0" xmlns="http://schemas.microsoft.com/developer/msbuild/2003">
  <ItemGroup>
    <ClCompile Include="Program.cpp" />
    <ClCompile Include="Systems\Time.cpp">
      <Filter>Systems</Filter>
    </ClCompile>
    <ClCompile Include="Systems\Window.cpp">
      <Filter>Systems</Filter>
    </ClCompile>
    <ClCompile Include="Systems\D3D.cpp">
      <Filter>Systems</Filter>
    </ClCompile>
    <ClCompile Include="Systems\Keyboard.cpp">
      <Filter>Systems</Filter>
    </ClCompile>
    <ClCompile Include="Systems\Mouse.cpp">
      <Filter>Systems</Filter>
    </ClCompile>
    <ClCompile Include="Renders\Shader.cpp">
      <Filter>Renders</Filter>
    </ClCompile>
    <ClCompile Include="Utilities\String.cpp">
      <Filter>Utilities</Filter>
    </ClCompile>
    <ClCompile Include="Utilities\Xml.cpp">
      <Filter>Utilities</Filter>
    </ClCompile>
    <ClCompile Include="Utilities\BinaryFile.cpp">
      <Filter>Utilities</Filter>
    </ClCompile>
    <ClCompile Include="Utilities\Json.cpp">
      <Filter>Utilities</Filter>
    </ClCompile>
    <ClCompile Include="Utilities\Math.cpp">
      <Filter>Utilities</Filter>
    </ClCompile>
    <ClCompile Include="Utilities\Path.cpp">
      <Filter>Utilities</Filter>
    </ClCompile>
    <ClCompile Include="Viewer\Viewport.cpp">
      <Filter>Viewer</Filter>
    </ClCompile>
    <ClCompile Include="Viewer\Perspective.cpp">
      <Filter>Viewer</Filter>
    </ClCompile>
    <ClCompile Include="Main.cpp" />
    <ClCompile Include="Viewer\Camera.cpp">
      <Filter>Viewer</Filter>
    </ClCompile>
    <ClCompile Include="Viewer\Freedom.cpp">
      <Filter>Viewer</Filter>
    </ClCompile>
    <ClCompile Include="Renders\Texture.cpp">
      <Filter>Renders</Filter>
    </ClCompile>
    <ClCompile Include="Renders\Material.cpp">
      <Filter>Renders</Filter>
    </ClCompile>
    <ClCompile Include="Fbx\Exporter.cpp">
      <Filter>Fbx</Filter>
    </ClCompile>
    <ClCompile Include="Fbx\Utility.cpp">
      <Filter>Fbx</Filter>
    </ClCompile>
    <ClCompile Include="Model\Model.cpp">
      <Filter>Model</Filter>
    </ClCompile>
    <ClCompile Include="Model\ModelBone.cpp">
      <Filter>Model</Filter>
    </ClCompile>
    <ClCompile Include="Model\ModelMeshPart.cpp">
      <Filter>Model</Filter>
    </ClCompile>
    <ClCompile Include="Model\ModelMesh.cpp">
      <Filter>Model</Filter>
    </ClCompile>
    <ClCompile Include="Model\ModelReader.cpp">
      <Filter>Model</Filter>
    </ClCompile>
    <ClCompile Include="Objects\GameRender.cpp">
      <Filter>Objects</Filter>
    </ClCompile>
    <ClCompile Include="Objects\GameModel.cpp">
      <Filter>Objects</Filter>
    </ClCompile>
    <ClCompile Include="Objects\GameTank.cpp">
      <Filter>Objects</Filter>
    </ClCompile>
    <ClCompile Include="Landscape\Terrain.cpp">
      <Filter>Landscape</Filter>
    </ClCompile>
    <ClCompile Include="Objects\MeshSphere.cpp">
      <Filter>Objects</Filter>
    </ClCompile>
    <ClCompile Include="Landscape\Sky.cpp">
      <Filter>Landscape</Filter>
    </ClCompile>
    <ClCompile Include="Renders\RasterizerState.cpp">
      <Filter>Renders</Filter>
    </ClCompile>
    <ClCompile Include="Renders\SamplerState.cpp">
      <Filter>Renders</Filter>
    </ClCompile>
    <ClCompile Include="Renders\DepthStencilState.cpp">
      <Filter>Renders</Filter>
    </ClCompile>
    <ClCompile Include="Objects\Billboard.cpp">
      <Filter>Objects</Filter>
    </ClCompile>
    <ClCompile Include="Objects\MeshCube.cpp">
      <Filter>Objects</Filter>
    </ClCompile>
    <ClCompile Include="Objects\PointLight.cpp">
      <Filter>Objects</Filter>
    </ClCompile>
    <ClCompile Include="Objects\SpotLight.cpp">
      <Filter>Objects</Filter>
    </ClCompile>
    <ClCompile Include="Viewer\Frustum.cpp">
      <Filter>Viewer</Filter>
    </ClCompile>
    <ClCompile Include="Objects\MeshPlane.cpp">
      <Filter>Objects</Filter>
    </ClCompile>
    <ClCompile Include="Viewer\Fixity.cpp">
      <Filter>Viewer</Filter>
    </ClCompile>
    <ClCompile Include="Landscape\QuadTree.cpp">
      <Filter>Landscape</Filter>
    </ClCompile>
    <ClCompile Include="Renders\RenderTarget.cpp">
      <Filter>Renders</Filter>
    </ClCompile>
    <ClCompile Include="Renders\Render2D.cpp">
      <Filter>Renders</Filter>
    </ClCompile>
    <ClCompile Include="PostEffects\Grayscale.cpp">
      <Filter>PostEffects</Filter>
    </ClCompile>
    <ClCompile Include="PostEffects\Blur.cpp">
      <Filter>PostEffects</Filter>
    </ClCompile>
    <ClCompile Include="PostEffects\GaussianBlur.cpp">
      <Filter>PostEffects</Filter>
    </ClCompile>
    <ClCompile Include="Systems\DirectWrite.cpp">
      <Filter>Systems</Filter>
    </ClCompile>
    <ClCompile Include="Landscape\TerrainRender.cpp">
      <Filter>Landscape</Filter>
    </ClCompile>
    <ClCompile Include="Landscape\Water.cpp">
      <Filter>Landscape</Filter>
    </ClCompile>
    <ClCompile Include="Renders\BlendState.cpp">
      <Filter>Renders</Filter>
    </ClCompile>
    <ClCompile Include="Objects\MeshQuad.cpp">
      <Filter>Objects</Filter>
    </ClCompile>
    <ClCompile Include="Objects\GameAnimModel.cpp">
      <Filter>Objects</Filter>
    </ClCompile>
    <ClCompile Include="Model\ModelTweener.cpp">
      <Filter>Model</Filter>
    </ClCompile>
    <ClCompile Include="Model\ModelClip.cpp">
      <Filter>Model</Filter>
    </ClCompile>
    <ClCompile Include="Model\ModelKeyframe.cpp">
      <Filter>Model</Filter>
    </ClCompile>
    <ClCompile Include="Executes\Export.cpp">
      <Filter>Executes</Filter>
    </ClCompile>
    <ClCompile Include="Lights\Projection.cpp">
      <Filter>Lights</Filter>
    </ClCompile>
    <ClCompile Include="Executes\TestShadow.cpp">
      <Filter>Executes</Filter>
    </ClCompile>
    <ClCompile Include="Lights\Shadow.cpp">
      <Filter>Lights</Filter>
    </ClCompile>
    <ClCompile Include="Executes\TestAmbient.cpp">
      <Filter>Executes</Filter>
    </ClCompile>
    <ClCompile Include="Objects\MeshBunny.cpp">
      <Filter>Objects</Filter>
    </ClCompile>
  </ItemGroup>
  <ItemGroup>
    <ClInclude Include="stdafx.h" />
    <ClInclude Include="Systems\Mouse.h">
      <Filter>Systems</Filter>
    </ClInclude>
    <ClInclude Include="Systems\Time.h">
      <Filter>Systems</Filter>
    </ClInclude>
    <ClInclude Include="Systems\Window.h">
      <Filter>Systems</Filter>
    </ClInclude>
    <ClInclude Include="Systems\D3D.h">
      <Filter>Systems</Filter>
    </ClInclude>
    <ClInclude Include="Systems\Keyboard.h">
      <Filter>Systems</Filter>
    </ClInclude>
    <ClInclude Include="Renders\ShaderBuffer.h">
      <Filter>Renders</Filter>
    </ClInclude>
    <ClInclude Include="Renders\VertexLayouts.h">
      <Filter>Renders</Filter>
    </ClInclude>
    <ClInclude Include="Renders\GlobalBuffers.h">
      <Filter>Renders</Filter>
    </ClInclude>
    <ClInclude Include="Renders\Shader.h">
      <Filter>Renders</Filter>
    </ClInclude>
    <ClInclude Include="Utilities\Path.h">
      <Filter>Utilities</Filter>
    </ClInclude>
    <ClInclude Include="Utilities\String.h">
      <Filter>Utilities</Filter>
    </ClInclude>
    <ClInclude Include="Utilities\Xml.h">
      <Filter>Utilities</Filter>
    </ClInclude>
    <ClInclude Include="Utilities\BinaryFile.h">
      <Filter>Utilities</Filter>
    </ClInclude>
    <ClInclude Include="Utilities\Json.h">
      <Filter>Utilities</Filter>
    </ClInclude>
    <ClInclude Include="Utilities\Math.h">
      <Filter>Utilities</Filter>
    </ClInclude>
    <ClInclude Include="Executes\Execute.h">
      <Filter>Executes</Filter>
    </ClInclude>
    <ClInclude Include="Viewer\Viewport.h">
      <Filter>Viewer</Filter>
    </ClInclude>
    <ClInclude Include="Viewer\Perspective.h">
      <Filter>Viewer</Filter>
    </ClInclude>
    <ClInclude Include="Program.h" />
    <ClInclude Include="Viewer\Camera.h">
      <Filter>Viewer</Filter>
    </ClInclude>
    <ClInclude Include="Viewer\Freedom.h">
      <Filter>Viewer</Filter>
    </ClInclude>
    <ClInclude Include="Renders\Texture.h">
      <Filter>Renders</Filter>
    </ClInclude>
    <ClInclude Include="Renders\Material.h">
      <Filter>Renders</Filter>
    </ClInclude>
    <ClInclude Include="Interfaces\ICloneable.h">
      <Filter>Interfaces</Filter>
    </ClInclude>
    <ClInclude Include="Fbx\Exporter.h">
      <Filter>Fbx</Filter>
    </ClInclude>
    <ClInclude Include="Fbx\Type.h">
      <Filter>Fbx</Filter>
    </ClInclude>
    <ClInclude Include="Fbx\Utility.h">
      <Filter>Fbx</Filter>
    </ClInclude>
    <ClInclude Include="Model\Model.h">
      <Filter>Model</Filter>
    </ClInclude>
    <ClInclude Include="Model\ModelBone.h">
      <Filter>Model</Filter>
    </ClInclude>
    <ClInclude Include="Model\ModelMeshPart.h">
      <Filter>Model</Filter>
    </ClInclude>
    <ClInclude Include="Model\ModelMesh.h">
      <Filter>Model</Filter>
    </ClInclude>
    <ClInclude Include="Objects\GameRender.h">
      <Filter>Objects</Filter>
    </ClInclude>
    <ClInclude Include="Objects\GameModel.h">
      <Filter>Objects</Filter>
    </ClInclude>
    <ClInclude Include="Objects\GameTank.h">
      <Filter>Objects</Filter>
    </ClInclude>
    <ClInclude Include="Landscape\Terrain.h">
      <Filter>Landscape</Filter>
    </ClInclude>
    <ClInclude Include="Objects\MeshSphere.h">
      <Filter>Objects</Filter>
    </ClInclude>
    <ClInclude Include="Landscape\Sky.h">
      <Filter>Landscape</Filter>
    </ClInclude>
    <ClInclude Include="Renders\RasterizerState.h">
      <Filter>Renders</Filter>
    </ClInclude>
    <ClInclude Include="Renders\SamplerState.h">
      <Filter>Renders</Filter>
    </ClInclude>
    <ClInclude Include="Renders\DepthStencilState.h">
      <Filter>Renders</Filter>
    </ClInclude>
    <ClInclude Include="Objects\Billboard.h">
      <Filter>Objects</Filter>
    </ClInclude>
    <ClInclude Include="Objects\MeshCube.h">
      <Filter>Objects</Filter>
    </ClInclude>
    <ClInclude Include="Objects\PointLight.h">
      <Filter>Objects</Filter>
    </ClInclude>
    <ClInclude Include="Objects\SpotLight.h">
      <Filter>Objects</Filter>
    </ClInclude>
    <ClInclude Include="Viewer\Frustum.h">
      <Filter>Viewer</Filter>
    </ClInclude>
    <ClInclude Include="Objects\MeshPlane.h">
      <Filter>Objects</Filter>
    </ClInclude>
    <ClInclude Include="Viewer\Fixity.h">
      <Filter>Viewer</Filter>
    </ClInclude>
    <ClInclude Include="Landscape\QuadTree.h">
      <Filter>Landscape</Filter>
    </ClInclude>
    <ClInclude Include="Renders\RenderTarget.h">
      <Filter>Renders</Filter>
    </ClInclude>
    <ClInclude Include="Renders\Render2D.h">
      <Filter>Renders</Filter>
    </ClInclude>
    <ClInclude Include="PostEffects\Grayscale.h">
      <Filter>PostEffects</Filter>
    </ClInclude>
    <ClInclude Include="PostEffects\Blur.h">
      <Filter>PostEffects</Filter>
    </ClInclude>
    <ClInclude Include="PostEffects\GaussianBlur.h">
      <Filter>PostEffects</Filter>
    </ClInclude>
    <ClInclude Include="Systems\DirectWrite.h">
      <Filter>Systems</Filter>
    </ClInclude>
    <ClInclude Include="Landscape\TerrainRender.h">
      <Filter>Landscape</Filter>
    </ClInclude>
    <ClInclude Include="Landscape\Water.h">
      <Filter>Landscape</Filter>
    </ClInclude>
    <ClInclude Include="Renders\BlendState.h">
      <Filter>Renders</Filter>
    </ClInclude>
    <ClInclude Include="Objects\MeshQuad.h">
      <Filter>Objects</Filter>
    </ClInclude>
    <ClInclude Include="Objects\GameAnimModel.h">
      <Filter>Objects</Filter>
    </ClInclude>
    <ClInclude Include="Model\ModelTweener.h">
      <Filter>Model</Filter>
    </ClInclude>
    <ClInclude Include="Model\ModelClip.h">
      <Filter>Model</Filter>
    </ClInclude>
    <ClInclude Include="Model\ModelKeyframe.h">
      <Filter>Model</Filter>
    </ClInclude>
    <ClInclude Include="Executes\Export.h">
      <Filter>Executes</Filter>
    </ClInclude>
    <ClInclude Include="Lights\Projection.h">
      <Filter>Lights</Filter>
    </ClInclude>
    <ClInclude Include="Executes\TestShadow.h">
      <Filter>Executes</Filter>
    </ClInclude>
    <ClInclude Include="Lights\Shadow.h">
      <Filter>Lights</Filter>
    </ClInclude>
    <ClInclude Include="Executes\TestAmbient.h">
      <Filter>Executes</Filter>
    </ClInclude>
    <ClInclude Include="Objects\MeshBunny.h">
      <Filter>Objects</Filter>
    </ClInclude>
  </ItemGroup>
  <ItemGroup>
    <Filter Include="Systems">
      <UniqueIdentifier>{e4bf7034-2c6b-4d7d-816d-66fa4fb0bf37}</UniqueIdentifier>
    </Filter>
    <Filter Include="Renders">
      <UniqueIdentifier>{cfa52a2e-d1a3-48e6-a4ed-87cadc014c40}</UniqueIdentifier>
    </Filter>
    <Filter Include="Utilities">
      <UniqueIdentifier>{06256df8-2898-48d2-b3ad-05af6f3e2125}</UniqueIdentifier>
    </Filter>
    <Filter Include="Executes">
      <UniqueIdentifier>{6d5a3bdb-fdd8-4239-a99c-a7480e48d54a}</UniqueIdentifier>
    </Filter>
    <Filter Include="Viewer">
      <UniqueIdentifier>{60ad8476-dda6-499c-ae37-2d2742e51118}</UniqueIdentifier>
    </Filter>
    <Filter Include="Interfaces">
      <UniqueIdentifier>{38356391-8dae-4379-970c-d4e038009dd2}</UniqueIdentifier>
    </Filter>
    <Filter Include="Fbx">
      <UniqueIdentifier>{e017090f-acb9-4cfb-bc3e-22413667cfdd}</UniqueIdentifier>
    </Filter>
    <Filter Include="Model">
      <UniqueIdentifier>{894097c7-b136-497c-8312-4d5de988a4bd}</UniqueIdentifier>
    </Filter>
    <Filter Include="Objects">
      <UniqueIdentifier>{2181af97-d4a4-4b5c-9029-d0202bf0ca70}</UniqueIdentifier>
    </Filter>
    <Filter Include="Landscape">
      <UniqueIdentifier>{dafbf578-595d-443f-83d0-1291a461c1cb}</UniqueIdentifier>
    </Filter>
    <Filter Include="PostEffects">
      <UniqueIdentifier>{e657846f-301d-429c-8aac-e1dc7d033597}</UniqueIdentifier>
    </Filter>
    <Filter Include="Lights">
      <UniqueIdentifier>{6f233d22-e859-4516-bb03-46859c64c3bb}</UniqueIdentifier>
    </Filter>
  </ItemGroup>
</Project>